
Microsoft Visual Studio Solution File, Format Version 12.00
# Visual Studio Version 16
VisualStudioVersion = 16.0.30413.136
MinimumVisualStudioVersion = 10.0.40219.1
Project("{888888A0-9F3D-457C-B088-3A5042F75D52}") = "Danil28.10", "Danil28.10.pyproj", "{E730E413-9A34-49B9-AFD4-240451D6CEAD}"
EndProject
Global
	GlobalSection(SolutionConfigurationPlatforms) = preSolution
		Debug|Any CPU = Debug|Any CPU
		Release|Any CPU = Release|Any CPU
	EndGlobalSection
	GlobalSection(ProjectConfigurationPlatforms) = postSolution
		{E730E413-9A34-49B9-AFD4-240451D6CEAD}.Debug|Any CPU.ActiveCfg = Debug|Any CPU
		{E730E413-9A34-49B9-AFD4-240451D6CEAD}.Release|Any CPU.ActiveCfg = Release|Any CPU
	EndGlobalSection
	GlobalSection(SolutionProperties) = preSolution
		HideSolutionNode = FALSE
	EndGlobalSection
	GlobalSection(ExtensibilityGlobals) = postSolution
		SolutionGuid = {8AF41F5E-5645-4D6F-A36B-D2E00072250C}
	EndGlobalSection
EndGlobal
